Microsoft Visual Studio Solution File, Format Version 12.00
# Visual Studio Version 16
VisualStudioVersion = 16.0.29411.108
MinimumVisualStudioVersion = 14.0.25420.1
Project("{2150E333-8FDC-42A3-9474-1A3956D46DE8}") = "Externals", "Externals", "{2BFC806B-CE92-4EA4-8FE8-5F2EA54BA348}"
EndProject
Project("{2150E333-8FDC-42A3-9474-1A3956D46DE8}") = "Renders", "Renders", "{00000000-CE92-4EA4-8FE8-5F2EA54BA348}"
EndProject
Project("{8BC9CEB8-8B4A-11D0-8D11-00A0C91BC942}") = "ODE", "..\Externals\ODE.vcxproj", "{1BF75FEB-87DD-486C-880B-227987D191C2}"
EndProject
Project("{8BC9CEB8-8B4A-11D0-8D11-00A0C91BC942}") = "xrCoreDiscord", "..\Externals\DiscordRichPresense.vcxproj", "{A5E0EC2A-4783-4A53-AE1E-228464FC8F69}"
EndProject
Project("{8BC9CEB8-8B4A-11D0-8D11-00A0C91BC942}") = "OpenAL32", "..\Externals\openal\OpenAL-Windows\Router\Router.vcxproj", "{566551F4-4EF1-4CB4-A131-F982E7606907}"
EndProject
Project("{8BC9CEB8-8B4A-11D0-8D11-00A0C91BC942}") = "xrCDB", "xrCDB\xrCDB.vcxproj", "{A19B1DF2-82EC-4364-8BDF-85D13A1C89B5}"
	ProjectSection(ProjectDependencies) = postProject
		{DAFD6D98-3DCD-40AD-BC85-EC71797B6767} = {DAFD6D98-3DCD-40AD-BC85-EC71797B6767}
	EndProjectSection
EndProject
Project("{8BC9CEB8-8B4A-11D0-8D11-00A0C91BC942}") = "xrCore", "xrCore\xrCore.vcxproj", "{A0F7D1FB-59A7-4717-A7E4-96F37E91998E}"
EndProject
Project("{8BC9CEB8-8B4A-11D0-8D11-00A0C91BC942}") = "xrGame", "xrGame\xrGame.vcxproj", "{200652A6-043E-4634-8837-87983B3BD5E0}"
EndProject
Project("{8BC9CEB8-8B4A-11D0-8D11-00A0C91BC942}") = "xrNetServer", "xrNetServer\xrNetServer.vcxproj", "{435BAC9A-B225-457D-AB40-C9BD0CC8838C}"
EndProject
Project("{8BC9CEB8-8B4A-11D0-8D11-00A0C91BC942}") = "xrParticles", "xrParticles\xrParticles.vcxproj", "{94A1C366-3D19-48E6-8170-4ADC2E70DF97}"
EndProject
Project("{8BC9CEB8-8B4A-11D0-8D11-00A0C91BC942}") = "xrRender_DX9", "xrRender\xrRenderPC_R2\xrRender_R2.vcxproj", "{963BA4E5-499A-454D-B002-1D5ECE0527A6}"
EndProject
Project("{8BC9CEB8-8B4A-11D0-8D11-00A0C91BC942}") = "xrRender_DX10", "xrRender\xrRenderPC_R3\xrRender_R3.vcxproj", "{3F383D3C-FCD8-4170-990B-EB4833F09248}"
EndProject
Project("{8BC9CEB8-8B4A-11D0-8D11-00A0C91BC942}") = "xrSound", "xrSound\xrSound.vcxproj", "{CCCA7859-EB86-493E-9B53-C4235F45B3C5}"
EndProject
Project("{8BC9CEB8-8B4A-11D0-8D11-00A0C91BC942}") = "xrAPI", "xrRender\xrAPI\xrAPI.vcxproj", "{1DAEC516-E52C-4A3C-A4DA-AE3553E6E0F8}"
EndProject
Project("{8BC9CEB8-8B4A-11D0-8D11-00A0C91BC942}") = "xrEngine", "xrEngine\xrEngine.vcxproj", "{2578C6D8-660D-48AE-9322-7422F8664F06}"
EndProject
Project("{8BC9CEB8-8B4A-11D0-8D11-00A0C91BC942}") = "xrPhysics", "xrPhysics\xrPhysics.vcxproj", "{98D24A3D-7666-4C11-9D6E-B10393CE8CBA}"
EndProject
Project("{8BC9CEB8-8B4A-11D0-8D11-00A0C91BC942}") = "xrRender_DX11", "xrRender\xrRenderPC_R4\xrRender_R4.vcxproj", "{AC9B12ED-A2D7-4337-A981-5BD8430E96D8}"
EndProject
Project("{8BC9CEB8-8B4A-11D0-8D11-00A0C91BC942}") = "xrRender_DX11.3", "xrRender\xrRenderPC_R5\xrRender_R5.vcxproj", "{C32F8918-450C-4EC7-B936-8D6DC1091359}"
EndProject
Project("{8BC9CEB8-8B4A-11D0-8D11-00A0C91BC942}") = "CxImage", "..\Externals\cximage\cximage.vcxproj", "{880CD250-BA77-4DAF-A8D4-552F12DD3AE4}"
EndProject
Project("{8BC9CEB8-8B4A-11D0-8D11-00A0C91BC942}") = "NVTT", "..\Externals\NVTT\NVTT.vcxproj", "{0EB257DC-5CFC-44B0-82C9-CE6B158BE473}"
EndProject
Project("{8BC9CEB8-8B4A-11D0-8D11-00A0C91BC942}") = "xrAICore", "xrAICore\xrAICore.vcxproj", "{5CB057D8-4464-40A6-AF10-C26B826D1D90}"
EndProject
Project("{8BC9CEB8-8B4A-11D0-8D11-00A0C91BC942}") = "xrScriptEngine", "xrScriptEngine\xrScriptEngine.vcxproj", "{132C62DE-DE85-4978-9675-C78ED4DA46F0}"
EndProject
Project("{8BC9CEB8-8B4A-11D0-8D11-00A0C91BC942}") = "luabind", "..\Externals\luabind.vcxproj", "{CCD4AFAE-AA10-42C6-A452-FDEE497CCDF1}"
EndProject
Project("{8BC9CEB8-8B4A-11D0-8D11-00A0C91BC942}") = "lzo", "..\Externals\lzo.vcxproj", "{614AA57F-58D7-45A8-A5FF-93F04B05FAC6}"
EndProject
Project("{8BC9CEB8-8B4A-11D0-8D11-00A0C91BC942}") = "zlib", "..\Externals\zlib.vcxproj", "{745DEC58-EBB3-47A9-A9B8-4C6627C01BF8}"
EndProject
Project("{8BC9CEB8-8B4A-11D0-8D11-00A0C91BC942}") = "libogg_static", "..\Externals\libogg_static.vcxproj", "{15CBFEFF-7965-41F5-B4E2-21E8795C9159}"
EndProject
Project("{8BC9CEB8-8B4A-11D0-8D11-00A0C91BC942}") = "libtheora_static", "..\Externals\libtheora_static.vcxproj", "{653F3841-3F26-49B9-AFCF-091DB4B67031}"
EndProject
Project("{8BC9CEB8-8B4A-11D0-8D11-00A0C91BC942}") = "libvorbis_static", "..\Externals\libvorbis_static.vcxproj", "{3A214E06-B95E-4D61-A291-1F8DF2EC10FD}"
EndProject
Project("{8BC9CEB8-8B4A-11D0-8D11-00A0C91BC942}") = "libvorbisfile", "..\Externals\libvorbisfile_static.vcxproj", "{CEBDE98B-A6AA-46E6-BC79-FAAF823DB9EC}"
EndProject
Project("{8BC9CEB8-8B4A-11D0-8D11-00A0C91BC942}") = "BugTrap", "..\Externals\BugTrap.vcxproj", "{E8CF1ADA-264A-4127-86C2-FD7057D3792C}"
EndProject
Project("{8BC9CEB8-8B4A-11D0-8D11-00A0C91BC942}") = "MagicFM", "..\Externals\MagicFM.vcxproj", "{848E8AB3-9962-4C04-B813-5690399C8A3E}"
EndProject
Project("{8BC9CEB8-8B4A-11D0-8D11-00A0C91BC942}") = "oalib", "..\Externals\oalib.vcxproj", "{61D4856F-FA82-4F02-BB88-909DDFB1FE74}"
EndProject
Project("{8BC9CEB8-8B4A-11D0-8D11-00A0C91BC942}") = "xrMiscMath", "Common\xrMiscMath\xrMiscMath.vcxproj", "{7885CF3C-EE04-4C67-9467-1FBF9A36B037}"
EndProject
Project("{2150E333-8FDC-42A3-9474-1A3956D46DE8}") = "LuaJIT", "LuaJIT", "{DAEF6FB5-4F98-4B34-B049-8828EFEC9250}"
EndProject
Project("{8BC9CEB8-8B4A-11D0-8D11-00A0C91BC942}") = "libjpeg", "..\Externals\libjpeg.vcxproj", "{3593C424-83CC-4445-BE1A-97DDE88FE386}"
EndProject
Project("{8BC9CEB8-8B4A-11D0-8D11-00A0C91BC942}") = "OPCODE", "..\Externals\OPCODE\OPCODE.vcxproj", "{DAFD6D98-3DCD-40AD-BC85-EC71797B6767}"
EndProject
Project("{8BC9CEB8-8B4A-11D0-8D11-00A0C91BC942}") = "xr_3da", "xr_3da\xr_3da.vcxproj", "{F4757631-E6E8-469B-AD5A-516BAA01DABD}"
	ProjectSection(ProjectDependencies) = postProject
		{1908E312-8385-463D-9B1C-5F86293817BB} = {1908E312-8385-463D-9B1C-5F86293817BB}
	EndProjectSection
EndProject
Project("{8BC9CEB8-8B4A-11D0-8D11-00A0C91BC942}") = "lua_extensions", "..\Externals\lua-extensions\lua_extensions.vcxproj", "{44F716E7-05BD-4390-AB02-5F7DAF7FEFDE}"
EndProject
Project("{8BC9CEB8-8B4A-11D0-8D11-00A0C91BC942}") = "Launcher", "Launcher\Stalker-CoP.vcxproj", "{1908E312-8385-463D-9B1C-5F86293817BB}"
EndProject
Project("{8BC9CEB8-8B4A-11D0-8D11-00A0C91BC942}") = "minilua", "..\Externals\LuaJIT-proj\minilua.vcxproj", "{CDC5E78D-FF1C-4164-AE72-3578F60A27BA}"
EndProject
Project("{8BC9CEB8-8B4A-11D0-8D11-00A0C91BC942}") = "BuildVm", "..\Externals\LuaJIT-proj\BuildVm.vcxproj", "{58AE014E-0DA3-4D9B-9034-21984C305447}"
EndProject
Project("{8BC9CEB8-8B4A-11D0-8D11-00A0C91BC942}") = "LuaJIT", "..\Externals\LuaJIT-proj\LuaJIT.vcxproj", "{632AEEB6-DC06-4E15-9551-B2B09A4B73C5}"
EndProject
Project("{8BC9CEB8-8B4A-11D0-8D11-00A0C91BC942}") = "xrUICore", "xrUICore\xrUICore.vcxproj", "{37B3642C-B706-4C93-BC54-BADADC8FC9B1}"
EndProject
Project("{2150E333-8FDC-42A3-9474-1A3956D46DE8}") = "Utilities", "Utilities", "{92D97B4C-7469-484D-B99A-F5BC4BBAE612}"
EndProject
Project("{8BC9CEB8-8B4A-11D0-8D11-00A0C91BC942}") = "xrShaderCryptor", "Utilities\xrShaderCryptor\xrShaderCryptor.vcxproj", "{A85067E2-08AC-4C94-BC12-31AE42F1D5C7}"
EndProject
Global
	GlobalSection(SolutionConfigurationPlatforms) = preSolution
		Debug|Win32 = Debug|Win32
		Debug|x64 = Debug|x64
		Debug|x86 = Debug|x86
		Release|Win32 = Release|Win32
		Release|x64 = Release|x64
		Release|x86 = Release|x86
	EndGlobalSection
	GlobalSection(ProjectConfigurationPlatforms) = postSolution
		{1BF75FEB-87DD-486C-880B-227987D191C2}.Debug|Win32.ActiveCfg = Mixed|Win32
		{1BF75FEB-87DD-486C-880B-227987D191C2}.Debug|Win32.Build.0 = Mixed|Win32
		{1BF75FEB-87DD-486C-880B-227987D191C2}.Debug|x64.ActiveCfg = Mixed|x64
		{1BF75FEB-87DD-486C-880B-227987D191C2}.Debug|x64.Build.0 = Mixed|x64
		{1BF75FEB-87DD-486C-880B-227987D191C2}.Debug|x86.ActiveCfg = Mixed|Win32
		{1BF75FEB-87DD-486C-880B-227987D191C2}.Debug|x86.Build.0 = Mixed|Win32
		{1BF75FEB-87DD-486C-880B-227987D191C2}.Release|Win32.ActiveCfg = Release|Win32
		{1BF75FEB-87DD-486C-880B-227987D191C2}.Release|Win32.Build.0 = Release|Win32
		{1BF75FEB-87DD-486C-880B-227987D191C2}.Release|x64.ActiveCfg = Release|x64
		{1BF75FEB-87DD-486C-880B-227987D191C2}.Release|x64.Build.0 = Release|x64
		{1BF75FEB-87DD-486C-880B-227987D191C2}.Release|x86.ActiveCfg = Mixed|Win32
		{1BF75FEB-87DD-486C-880B-227987D191C2}.Release|x86.Build.0 = Release|Win32
		{A5E0EC2A-4783-4A53-AE1E-228464FC8F69}.Debug|Win32.ActiveCfg = Release|Win32
		{A5E0EC2A-4783-4A53-AE1E-228464FC8F69}.Debug|Win32.Build.0 = Release|Win32
		{A5E0EC2A-4783-4A53-AE1E-228464FC8F69}.Debug|x64.ActiveCfg = Release|x64
		{A5E0EC2A-4783-4A53-AE1E-228464FC8F69}.Debug|x64.Build.0 = Release|x64
		{A5E0EC2A-4783-4A53-AE1E-228464FC8F69}.Debug|x86.ActiveCfg = Release|Win32
		{A5E0EC2A-4783-4A53-AE1E-228464FC8F69}.Debug|x86.Build.0 = Release|Win32
		{A5E0EC2A-4783-4A53-AE1E-228464FC8F69}.Release|Win32.ActiveCfg = Release|Win32
		{A5E0EC2A-4783-4A53-AE1E-228464FC8F69}.Release|Win32.Build.0 = Release|Win32
		{A5E0EC2A-4783-4A53-AE1E-228464FC8F69}.Release|x64.ActiveCfg = Release|x64
		{A5E0EC2A-4783-4A53-AE1E-228464FC8F69}.Release|x64.Build.0 = Release|x64
		{A5E0EC2A-4783-4A53-AE1E-228464FC8F69}.Release|x86.ActiveCfg = Release|Win32
		{A5E0EC2A-4783-4A53-AE1E-228464FC8F69}.Release|x86.Build.0 = Release|Win32
		{566551F4-4EF1-4CB4-A131-F982E7606907}.Debug|Win32.ActiveCfg = Mixed|Win32
		{566551F4-4EF1-4CB4-A131-F982E7606907}.Debug|Win32.Build.0 = Mixed|Win32
		{566551F4-4EF1-4CB4-A131-F982E7606907}.Debug|x64.ActiveCfg = Mixed|x64
		{566551F4-4EF1-4CB4-A131-F982E7606907}.Debug|x64.Build.0 = Mixed|x64
		{566551F4-4EF1-4CB4-A131-F982E7606907}.Debug|x86.ActiveCfg = Mixed|Win32
		{566551F4-4EF1-4CB4-A131-F982E7606907}.Debug|x86.Build.0 = Mixed|Win32
		{566551F4-4EF1-4CB4-A131-F982E7606907}.Release|Win32.ActiveCfg = Release|Win32
		{566551F4-4EF1-4CB4-A131-F982E7606907}.Release|Win32.Build.0 = Release|Win32
		{566551F4-4EF1-4CB4-A131-F982E7606907}.Release|x64.ActiveCfg = Release|x64
		{566551F4-4EF1-4CB4-A131-F982E7606907}.Release|x64.Build.0 = Release|x64
		{566551F4-4EF1-4CB4-A131-F982E7606907}.Release|x86.ActiveCfg = Mixed|Win32
		{566551F4-4EF1-4CB4-A131-F982E7606907}.Release|x86.Build.0 = Release|Win32
		{A19B1DF2-82EC-4364-8BDF-85D13A1C89B5}.Debug|Win32.ActiveCfg = Release|Win32
		{A19B1DF2-82EC-4364-8BDF-85D13A1C89B5}.Debug|Win32.Build.0 = Release|Win32
		{A19B1DF2-82EC-4364-8BDF-85D13A1C89B5}.Debug|x64.ActiveCfg = Release|x64
		{A19B1DF2-82EC-4364-8BDF-85D13A1C89B5}.Debug|x64.Build.0 = Release|x64
		{A19B1DF2-82EC-4364-8BDF-85D13A1C89B5}.Debug|x86.ActiveCfg = Release|Win32
		{A19B1DF2-82EC-4364-8BDF-85D13A1C89B5}.Debug|x86.Build.0 = Release|Win32
		{A19B1DF2-82EC-4364-8BDF-85D13A1C89B5}.Release|Win32.ActiveCfg = Release|Win32
		{A19B1DF2-82EC-4364-8BDF-85D13A1C89B5}.Release|Win32.Build.0 = Release|Win32
		{A19B1DF2-82EC-4364-8BDF-85D13A1C89B5}.Release|x64.ActiveCfg = Release|x64
		{A19B1DF2-82EC-4364-8BDF-85D13A1C89B5}.Release|x64.Build.0 = Release|x64
		{A19B1DF2-82EC-4364-8BDF-85D13A1C89B5}.Release|x86.ActiveCfg = Release|Win32
		{A19B1DF2-82EC-4364-8BDF-85D13A1C89B5}.Release|x86.Build.0 = Release|Win32
		{A0F7D1FB-59A7-4717-A7E4-96F37E91998E}.Debug|Win32.ActiveCfg = Release|Win32
		{A0F7D1FB-59A7-4717-A7E4-96F37E91998E}.Debug|Win32.Build.0 = Release|Win32
		{A0F7D1FB-59A7-4717-A7E4-96F37E91998E}.Debug|x64.ActiveCfg = Debug|x64
		{A0F7D1FB-59A7-4717-A7E4-96F37E91998E}.Debug|x64.Build.0 = Debug|x64
		{A0F7D1FB-59A7-4717-A7E4-96F37E91998E}.Debug|x86.ActiveCfg = Release|Win32
		{A0F7D1FB-59A7-4717-A7E4-96F37E91998E}.Debug|x86.Build.0 = Release|Win32
		{A0F7D1FB-59A7-4717-A7E4-96F37E91998E}.Release|Win32.ActiveCfg = Release|Win32
		{A0F7D1FB-59A7-4717-A7E4-96F37E91998E}.Release|Win32.Build.0 = Release|Win32
		{A0F7D1FB-59A7-4717-A7E4-96F37E91998E}.Release|x64.ActiveCfg = Release|x64
		{A0F7D1FB-59A7-4717-A7E4-96F37E91998E}.Release|x64.Build.0 = Release|x64
		{A0F7D1FB-59A7-4717-A7E4-96F37E91998E}.Release|x86.ActiveCfg = Release|Win32
		{A0F7D1FB-59A7-4717-A7E4-96F37E91998E}.Release|x86.Build.0 = Release|Win32
		{200652A6-043E-4634-8837-87983B3BD5E0}.Debug|Win32.ActiveCfg = Release|Win32
		{200652A6-043E-4634-8837-87983B3BD5E0}.Debug|Win32.Build.0 = Release|Win32
		{200652A6-043E-4634-8837-87983B3BD5E0}.Debug|x64.ActiveCfg = Release|x64
		{200652A6-043E-4634-8837-87983B3BD5E0}.Debug|x64.Build.0 = Release|x64
		{200652A6-043E-4634-8837-87983B3BD5E0}.Debug|x86.ActiveCfg = Release|Win32
		{200652A6-043E-4634-8837-87983B3BD5E0}.Debug|x86.Build.0 = Release|Win32
		{200652A6-043E-4634-8837-87983B3BD5E0}.Release|Win32.ActiveCfg = Release|Win32
		{200652A6-043E-4634-8837-87983B3BD5E0}.Release|Win32.Build.0 = Release|Win32
		{200652A6-043E-4634-8837-87983B3BD5E0}.Release|x64.ActiveCfg = Release|x64
		{200652A6-043E-4634-8837-87983B3BD5E0}.Release|x64.Build.0 = Release|x64
		{200652A6-043E-4634-8837-87983B3BD5E0}.Release|x86.ActiveCfg = Release|Win32
		{200652A6-043E-4634-8837-87983B3BD5E0}.Release|x86.Build.0 = Release|Win32
		{435BAC9A-B225-457D-AB40-C9BD0CC8838C}.Debug|Win32.ActiveCfg = Release|Win32
		{435BAC9A-B225-457D-AB40-C9BD0CC8838C}.Debug|Win32.Build.0 = Release|Win32
		{435BAC9A-B225-457D-AB40-C9BD0CC8838C}.Debug|x64.ActiveCfg = Release|x64
		{435BAC9A-B225-457D-AB40-C9BD0CC8838C}.Debug|x64.Build.0 = Release|x64
		{435BAC9A-B225-457D-AB40-C9BD0CC8838C}.Debug|x86.ActiveCfg = Release|Win32
		{435BAC9A-B225-457D-AB40-C9BD0CC8838C}.Debug|x86.Build.0 = Release|Win32
		{435BAC9A-B225-457D-AB40-C9BD0CC8838C}.Release|Win32.ActiveCfg = Release|Win32
		{435BAC9A-B225-457D-AB40-C9BD0CC8838C}.Release|Win32.Build.0 = Release|Win32
		{435BAC9A-B225-457D-AB40-C9BD0CC8838C}.Release|x64.ActiveCfg = Release|x64
		{435BAC9A-B225-457D-AB40-C9BD0CC8838C}.Release|x64.Build.0 = Release|x64
		{435BAC9A-B225-457D-AB40-C9BD0CC8838C}.Release|x86.ActiveCfg = Release|Win32
		{435BAC9A-B225-457D-AB40-C9BD0CC8838C}.Release|x86.Build.0 = Release|Win32
		{94A1C366-3D19-48E6-8170-4ADC2E70DF97}.Debug|Win32.ActiveCfg = Release|Win32
		{94A1C366-3D19-48E6-8170-4ADC2E70DF97}.Debug|Win32.Build.0 = Release|Win32
		{94A1C366-3D19-48E6-8170-4ADC2E70DF97}.Debug|x64.ActiveCfg = Release|x64
		{94A1C366-3D19-48E6-8170-4ADC2E70DF97}.Debug|x64.Build.0 = Release|x64
		{94A1C366-3D19-48E6-8170-4ADC2E70DF97}.Debug|x86.ActiveCfg = Release|Win32
		{94A1C366-3D19-48E6-8170-4ADC2E70DF97}.Debug|x86.Build.0 = Release|Win32
		{94A1C366-3D19-48E6-8170-4ADC2E70DF97}.Release|Win32.ActiveCfg = Release|Win32
		{94A1C366-3D19-48E6-8170-4ADC2E70DF97}.Release|Win32.Build.0 = Release|Win32
		{94A1C366-3D19-48E6-8170-4ADC2E70DF97}.Release|x64.ActiveCfg = Release|x64
		{94A1C366-3D19-48E6-8170-4ADC2E70DF97}.Release|x64.Build.0 = Release|x64
		{94A1C366-3D19-48E6-8170-4ADC2E70DF97}.Release|x86.ActiveCfg = Release|Win32
		{94A1C366-3D19-48E6-8170-4ADC2E70DF97}.Release|x86.Build.0 = Release|Win32
		{963BA4E5-499A-454D-B002-1D5ECE0527A6}.Debug|Win32.ActiveCfg = Release|Win32
		{963BA4E5-499A-454D-B002-1D5ECE0527A6}.Debug|Win32.Build.0 = Release|Win32
		{963BA4E5-499A-454D-B002-1D5ECE0527A6}.Debug|x64.ActiveCfg = Release|x64
		{963BA4E5-499A-454D-B002-1D5ECE0527A6}.Debug|x64.Build.0 = Release|x64
		{963BA4E5-499A-454D-B002-1D5ECE0527A6}.Debug|x86.ActiveCfg = Release|Win32
		{963BA4E5-499A-454D-B002-1D5ECE0527A6}.Debug|x86.Build.0 = Release|Win32
		{963BA4E5-499A-454D-B002-1D5ECE0527A6}.Release|Win32.ActiveCfg = Release|Win32
		{963BA4E5-499A-454D-B002-1D5ECE0527A6}.Release|Win32.Build.0 = Release|Win32
		{963BA4E5-499A-454D-B002-1D5ECE0527A6}.Release|x64.ActiveCfg = Release|x64
		{963BA4E5-499A-454D-B002-1D5ECE0527A6}.Release|x64.Build.0 = Release|x64
		{963BA4E5-499A-454D-B002-1D5ECE0527A6}.Release|x86.ActiveCfg = Release|Win32
		{963BA4E5-499A-454D-B002-1D5ECE0527A6}.Release|x86.Build.0 = Release|Win32
		{3F383D3C-FCD8-4170-990B-EB4833F09248}.Debug|Win32.ActiveCfg = Release|Win32
		{3F383D3C-FCD8-4170-990B-EB4833F09248}.Debug|Win32.Build.0 = Release|Win32
		{3F383D3C-FCD8-4170-990B-EB4833F09248}.Debug|x64.ActiveCfg = Release|x64
		{3F383D3C-FCD8-4170-990B-EB4833F09248}.Debug|x64.Build.0 = Release|x64
		{3F383D3C-FCD8-4170-990B-EB4833F09248}.Debug|x86.ActiveCfg = Release|Win32
		{3F383D3C-FCD8-4170-990B-EB4833F09248}.Debug|x86.Build.0 = Release|Win32
		{3F383D3C-FCD8-4170-990B-EB4833F09248}.Release|Win32.ActiveCfg = Release|Win32
		{3F383D3C-FCD8-4170-990B-EB4833F09248}.Release|Win32.Build.0 = Release|Win32
		{3F383D3C-FCD8-4170-990B-EB4833F09248}.Release|x64.ActiveCfg = Release|x64
		{3F383D3C-FCD8-4170-990B-EB4833F09248}.Release|x64.Build.0 = Release|x64
		{3F383D3C-FCD8-4170-990B-EB4833F09248}.Release|x86.ActiveCfg = Release|Win32
		{3F383D3C-FCD8-4170-990B-EB4833F09248}.Release|x86.Build.0 = Release|Win32
		{CCCA7859-EB86-493E-9B53-C4235F45B3C5}.Debug|Win32.ActiveCfg = Release|Win32
		{CCCA7859-EB86-493E-9B53-C4235F45B3C5}.Debug|Win32.Build.0 = Release|Win32
		{CCCA7859-EB86-493E-9B53-C4235F45B3C5}.Debug|x64.ActiveCfg = Release|x64
		{CCCA7859-EB86-493E-9B53-C4235F45B3C5}.Debug|x64.Build.0 = Release|x64
		{CCCA7859-EB86-493E-9B53-C4235F45B3C5}.Debug|x86.ActiveCfg = Release|Win32
		{CCCA7859-EB86-493E-9B53-C4235F45B3C5}.Debug|x86.Build.0 = Release|Win32
		{CCCA7859-EB86-493E-9B53-C4235F45B3C5}.Release|Win32.ActiveCfg = Release|Win32
		{CCCA7859-EB86-493E-9B53-C4235F45B3C5}.Release|Win32.Build.0 = Release|Win32
		{CCCA7859-EB86-493E-9B53-C4235F45B3C5}.Release|x64.ActiveCfg = Release|x64
		{CCCA7859-EB86-493E-9B53-C4235F45B3C5}.Release|x64.Build.0 = Release|x64
		{CCCA7859-EB86-493E-9B53-C4235F45B3C5}.Release|x86.ActiveCfg = Release|Win32
		{CCCA7859-EB86-493E-9B53-C4235F45B3C5}.Release|x86.Build.0 = Release|Win32
		{1DAEC516-E52C-4A3C-A4DA-AE3553E6E0F8}.Debug|Win32.ActiveCfg = Release|Win32
		{1DAEC516-E52C-4A3C-A4DA-AE3553E6E0F8}.Debug|Win32.Build.0 = Release|Win32
		{1DAEC516-E52C-4A3C-A4DA-AE3553E6E0F8}.Debug|x64.ActiveCfg = Debug|x64
		{1DAEC516-E52C-4A3C-A4DA-AE3553E6E0F8}.Debug|x64.Build.0 = Debug|x64
		{1DAEC516-E52C-4A3C-A4DA-AE3553E6E0F8}.Debug|x86.ActiveCfg = Release|Win32
		{1DAEC516-E52C-4A3C-A4DA-AE3553E6E0F8}.Debug|x86.Build.0 = Release|Win32
		{1DAEC516-E52C-4A3C-A4DA-AE3553E6E0F8}.Release|Win32.ActiveCfg = Release|Win32
		{1DAEC516-E52C-4A3C-A4DA-AE3553E6E0F8}.Release|Win32.Build.0 = Release|Win32
		{1DAEC516-E52C-4A3C-A4DA-AE3553E6E0F8}.Release|x64.ActiveCfg = Release|x64
		{1DAEC516-E52C-4A3C-A4DA-AE3553E6E0F8}.Release|x64.Build.0 = Release|x64
		{1DAEC516-E52C-4A3C-A4DA-AE3553E6E0F8}.Release|x86.ActiveCfg = Release|Win32
		{1DAEC516-E52C-4A3C-A4DA-AE3553E6E0F8}.Release|x86.Build.0 = Release|Win32
		{2578C6D8-660D-48AE-9322-7422F8664F06}.Debug|Win32.ActiveCfg = Release|Win32
		{2578C6D8-660D-48AE-9322-7422F8664F06}.Debug|Win32.Build.0 = Release|Win32
		{2578C6D8-660D-48AE-9322-7422F8664F06}.Debug|x64.ActiveCfg = Release|x64
		{2578C6D8-660D-48AE-9322-7422F8664F06}.Debug|x64.Build.0 = Release|x64
		{2578C6D8-660D-48AE-9322-7422F8664F06}.Debug|x86.ActiveCfg = Release|Win32
		{2578C6D8-660D-48AE-9322-7422F8664F06}.Debug|x86.Build.0 = Release|Win32
		{2578C6D8-660D-48AE-9322-7422F8664F06}.Release|Win32.ActiveCfg = Release|Win32
		{2578C6D8-660D-48AE-9322-7422F8664F06}.Release|Win32.Build.0 = Release|Win32
		{2578C6D8-660D-48AE-9322-7422F8664F06}.Release|x64.ActiveCfg = Release|x64
		{2578C6D8-660D-48AE-9322-7422F8664F06}.Release|x64.Build.0 = Release|x64
		{2578C6D8-660D-48AE-9322-7422F8664F06}.Release|x86.ActiveCfg = Release|Win32
		{2578C6D8-660D-48AE-9322-7422F8664F06}.Release|x86.Build.0 = Release|Win32
		{98D24A3D-7666-4C11-9D6E-B10393CE8CBA}.Debug|Win32.ActiveCfg = Release|Win32
		{98D24A3D-7666-4C11-9D6E-B10393CE8CBA}.Debug|Win32.Build.0 = Release|Win32
		{98D24A3D-7666-4C11-9D6E-B10393CE8CBA}.Debug|x64.ActiveCfg = Release|x64
		{98D24A3D-7666-4C11-9D6E-B10393CE8CBA}.Debug|x64.Build.0 = Release|x64
		{98D24A3D-7666-4C11-9D6E-B10393CE8CBA}.Debug|x86.ActiveCfg = Release|Win32
		{98D24A3D-7666-4C11-9D6E-B10393CE8CBA}.Debug|x86.Build.0 = Release|Win32
		{98D24A3D-7666-4C11-9D6E-B10393CE8CBA}.Release|Win32.ActiveCfg = Release|Win32
		{98D24A3D-7666-4C11-9D6E-B10393CE8CBA}.Release|Win32.Build.0 = Release|Win32
		{98D24A3D-7666-4C11-9D6E-B10393CE8CBA}.Release|x64.ActiveCfg = Release|x64
		{98D24A3D-7666-4C11-9D6E-B10393CE8CBA}.Release|x64.Build.0 = Release|x64
		{98D24A3D-7666-4C11-9D6E-B10393CE8CBA}.Release|x86.ActiveCfg = Release|Win32
		{98D24A3D-7666-4C11-9D6E-B10393CE8CBA}.Release|x86.Build.0 = Release|Win32
		{AC9B12ED-A2D7-4337-A981-5BD8430E96D8}.Debug|Win32.ActiveCfg = Release|Win32
		{AC9B12ED-A2D7-4337-A981-5BD8430E96D8}.Debug|Win32.Build.0 = Release|Win32
		{AC9B12ED-A2D7-4337-A981-5BD8430E96D8}.Debug|x64.ActiveCfg = Release|x64
		{AC9B12ED-A2D7-4337-A981-5BD8430E96D8}.Debug|x64.Build.0 = Release|x64
		{AC9B12ED-A2D7-4337-A981-5BD8430E96D8}.Debug|x86.ActiveCfg = Release|Win32
		{AC9B12ED-A2D7-4337-A981-5BD8430E96D8}.Debug|x86.Build.0 = Release|Win32
		{AC9B12ED-A2D7-4337-A981-5BD8430E96D8}.Release|Win32.ActiveCfg = Release|Win32
		{AC9B12ED-A2D7-4337-A981-5BD8430E96D8}.Release|Win32.Build.0 = Release|Win32
		{AC9B12ED-A2D7-4337-A981-5BD8430E96D8}.Release|x64.ActiveCfg = Release|x64
		{AC9B12ED-A2D7-4337-A981-5BD8430E96D8}.Release|x64.Build.0 = Release|x64
		{AC9B12ED-A2D7-4337-A981-5BD8430E96D8}.Release|x86.ActiveCfg = Release|Win32
		{AC9B12ED-A2D7-4337-A981-5BD8430E96D8}.Release|x86.Build.0 = Release|Win32
		{C32F8918-450C-4EC7-B936-8D6DC1091359}.Debug|Win32.ActiveCfg = Release|Win32
		{C32F8918-450C-4EC7-B936-8D6DC1091359}.Debug|x64.ActiveCfg = Release|x64
		{C32F8918-450C-4EC7-B936-8D6DC1091359}.Debug|x86.ActiveCfg = Release|Win32
		{C32F8918-450C-4EC7-B936-8D6DC1091359}.Release|Win32.ActiveCfg = Release|Win32
		{C32F8918-450C-4EC7-B936-8D6DC1091359}.Release|Win32.Build.0 = Release|Win32
		{C32F8918-450C-4EC7-B936-8D6DC1091359}.Release|x64.ActiveCfg = Release|x64
		{C32F8918-450C-4EC7-B936-8D6DC1091359}.Release|x64.Build.0 = Release|x64
		{C32F8918-450C-4EC7-B936-8D6DC1091359}.Release|x86.ActiveCfg = Release|Win32
		{C32F8918-450C-4EC7-B936-8D6DC1091359}.Release|x86.Build.0 = Release|Win32
		{880CD250-BA77-4DAF-A8D4-552F12DD3AE4}.Debug|Win32.ActiveCfg = Mixed|Win32
		{880CD250-BA77-4DAF-A8D4-552F12DD3AE4}.Debug|Win32.Build.0 = Mixed|Win32
		{880CD250-BA77-4DAF-A8D4-552F12DD3AE4}.Debug|x64.ActiveCfg = Mixed|x64
		{880CD250-BA77-4DAF-A8D4-552F12DD3AE4}.Debug|x64.Build.0 = Mixed|x64
		{880CD250-BA77-4DAF-A8D4-552F12DD3AE4}.Debug|x86.ActiveCfg = Mixed|Win32
		{880CD250-BA77-4DAF-A8D4-552F12DD3AE4}.Debug|x86.Build.0 = Mixed|Win32
		{880CD250-BA77-4DAF-A8D4-552F12DD3AE4}.Release|Win32.ActiveCfg = Release|Win32
		{880CD250-BA77-4DAF-A8D4-552F12DD3AE4}.Release|Win32.Build.0 = Release|Win32
		{880CD250-BA77-4DAF-A8D4-552F12DD3AE4}.Release|x64.ActiveCfg = Release|x64
		{880CD250-BA77-4DAF-A8D4-552F12DD3AE4}.Release|x64.Build.0 = Release|x64
		{880CD250-BA77-4DAF-A8D4-552F12DD3AE4}.Release|x86.ActiveCfg = Mixed|Win32
		{880CD250-BA77-4DAF-A8D4-552F12DD3AE4}.Release|x86.Build.0 = Release|Win32
		{0EB257DC-5CFC-44B0-82C9-CE6B158BE473}.Debug|Win32.ActiveCfg = Mixed|Win32
		{0EB257DC-5CFC-44B0-82C9-CE6B158BE473}.Debug|Win32.Build.0 = Mixed|Win32
		{0EB257DC-5CFC-44B0-82C9-CE6B158BE473}.Debug|x64.ActiveCfg = Mixed|x64
		{0EB257DC-5CFC-44B0-82C9-CE6B158BE473}.Debug|x64.Build.0 = Mixed|x64
		{0EB257DC-5CFC-44B0-82C9-CE6B158BE473}.Debug|x86.ActiveCfg = Mixed|Win32
		{0EB257DC-5CFC-44B0-82C9-CE6B158BE473}.Debug|x86.Build.0 = Mixed|Win32
		{0EB257DC-5CFC-44B0-82C9-CE6B158BE473}.Release|Win32.ActiveCfg = Release|Win32
		{0EB257DC-5CFC-44B0-82C9-CE6B158BE473}.Release|Win32.Build.0 = Release|Win32
		{0EB257DC-5CFC-44B0-82C9-CE6B158BE473}.Release|x64.ActiveCfg = Release|x64
		{0EB257DC-5CFC-44B0-82C9-CE6B158BE473}.Release|x64.Build.0 = Release|x64
		{0EB257DC-5CFC-44B0-82C9-CE6B158BE473}.Release|x86.ActiveCfg = Mixed|Win32
		{0EB257DC-5CFC-44B0-82C9-CE6B158BE473}.Release|x86.Build.0 = Release|Win32
		{5CB057D8-4464-40A6-AF10-C26B826D1D90}.Debug|Win32.ActiveCfg = Release|Win32
		{5CB057D8-4464-40A6-AF10-C26B826D1D90}.Debug|Win32.Build.0 = Release|Win32
		{5CB057D8-4464-40A6-AF10-C26B826D1D90}.Debug|x64.ActiveCfg = Release|x64
		{5CB057D8-4464-40A6-AF10-C26B826D1D90}.Debug|x64.Build.0 = Release|x64
		{5CB057D8-4464-40A6-AF10-C26B826D1D90}.Debug|x86.ActiveCfg = Release|Win32
		{5CB057D8-4464-40A6-AF10-C26B826D1D90}.Debug|x86.Build.0 = Release|Win32
		{5CB057D8-4464-40A6-AF10-C26B826D1D90}.Release|Win32.ActiveCfg = Release|Win32
		{5CB057D8-4464-40A6-AF10-C26B826D1D90}.Release|Win32.Build.0 = Release|Win32
		{5CB057D8-4464-40A6-AF10-C26B826D1D90}.Release|x64.ActiveCfg = Release|x64
		{5CB057D8-4464-40A6-AF10-C26B826D1D90}.Release|x64.Build.0 = Release|x64
		{5CB057D8-4464-40A6-AF10-C26B826D1D90}.Release|x86.ActiveCfg = Release|Win32
		{5CB057D8-4464-40A6-AF10-C26B826D1D90}.Release|x86.Build.0 = Release|Win32
		{132C62DE-DE85-4978-9675-C78ED4DA46F0}.Debug|Win32.ActiveCfg = Release|Win32
		{132C62DE-DE85-4978-9675-C78ED4DA46F0}.Debug|Win32.Build.0 = Release|Win32
		{132C62DE-DE85-4978-9675-C78ED4DA46F0}.Debug|x64.ActiveCfg = Release|x64
		{132C62DE-DE85-4978-9675-C78ED4DA46F0}.Debug|x64.Build.0 = Release|x64
		{132C62DE-DE85-4978-9675-C78ED4DA46F0}.Debug|x86.ActiveCfg = Release|Win32
		{132C62DE-DE85-4978-9675-C78ED4DA46F0}.Debug|x86.Build.0 = Release|Win32
		{132C62DE-DE85-4978-9675-C78ED4DA46F0}.Release|Win32.ActiveCfg = Release|Win32
		{132C62DE-DE85-4978-9675-C78ED4DA46F0}.Release|Win32.Build.0 = Release|Win32
		{132C62DE-DE85-4978-9675-C78ED4DA46F0}.Release|x64.ActiveCfg = Release|x64
		{132C62DE-DE85-4978-9675-C78ED4DA46F0}.Release|x64.Build.0 = Release|x64
		{132C62DE-DE85-4978-9675-C78ED4DA46F0}.Release|x86.ActiveCfg = Release|Win32
		{132C62DE-DE85-4978-9675-C78ED4DA46F0}.Release|x86.Build.0 = Release|Win32
		{CCD4AFAE-AA10-42C6-A452-FDEE497CCDF1}.Debug|Win32.ActiveCfg = Mixed|Win32
		{CCD4AFAE-AA10-42C6-A452-FDEE497CCDF1}.Debug|Win32.Build.0 = Mixed|Win32
		{CCD4AFAE-AA10-42C6-A452-FDEE497CCDF1}.Debug|x64.ActiveCfg = Mixed|x64
		{CCD4AFAE-AA10-42C6-A452-FDEE497CCDF1}.Debug|x64.Build.0 = Mixed|x64
		{CCD4AFAE-AA10-42C6-A452-FDEE497CCDF1}.Debug|x86.ActiveCfg = Mixed|Win32
		{CCD4AFAE-AA10-42C6-A452-FDEE497CCDF1}.Debug|x86.Build.0 = Mixed|Win32
		{CCD4AFAE-AA10-42C6-A452-FDEE497CCDF1}.Release|Win32.ActiveCfg = Release|Win32
		{CCD4AFAE-AA10-42C6-A452-FDEE497CCDF1}.Release|Win32.Build.0 = Release|Win32
		{CCD4AFAE-AA10-42C6-A452-FDEE497CCDF1}.Release|x64.ActiveCfg = Release|x64
		{CCD4AFAE-AA10-42C6-A452-FDEE497CCDF1}.Release|x64.Build.0 = Release|x64
		{CCD4AFAE-AA10-42C6-A452-FDEE497CCDF1}.Release|x86.ActiveCfg = Mixed|Win32
		{CCD4AFAE-AA10-42C6-A452-FDEE497CCDF1}.Release|x86.Build.0 = Release|Win32
		{614AA57F-58D7-45A8-A5FF-93F04B05FAC6}.Debug|Win32.ActiveCfg = Mixed|Win32
		{614AA57F-58D7-45A8-A5FF-93F04B05FAC6}.Debug|Win32.Build.0 = Mixed|Win32
		{614AA57F-58D7-45A8-A5FF-93F04B05FAC6}.Debug|x64.ActiveCfg = Mixed|x64
		{614AA57F-58D7-45A8-A5FF-93F04B05FAC6}.Debug|x64.Build.0 = Mixed|x64
		{614AA57F-58D7-45A8-A5FF-93F04B05FAC6}.Debug|x86.ActiveCfg = Mixed|Win32
		{614AA57F-58D7-45A8-A5FF-93F04B05FAC6}.Debug|x86.Build.0 = Mixed|Win32
		{614AA57F-58D7-45A8-A5FF-93F04B05FAC6}.Release|Win32.ActiveCfg = Release|Win32
		{614AA57F-58D7-45A8-A5FF-93F04B05FAC6}.Release|Win32.Build.0 = Release|Win32
		{614AA57F-58D7-45A8-A5FF-93F04B05FAC6}.Release|x64.ActiveCfg = Release|x64
		{614AA57F-58D7-45A8-A5FF-93F04B05FAC6}.Release|x64.Build.0 = Release|x64
		{614AA57F-58D7-45A8-A5FF-93F04B05FAC6}.Release|x86.ActiveCfg = Mixed|Win32
		{614AA57F-58D7-45A8-A5FF-93F04B05FAC6}.Release|x86.Build.0 = Release|Win32
		{745DEC58-EBB3-47A9-A9B8-4C6627C01BF8}.Debug|Win32.ActiveCfg = Mixed|Win32
		{745DEC58-EBB3-47A9-A9B8-4C6627C01BF8}.Debug|Win32.Build.0 = Mixed|Win32
		{745DEC58-EBB3-47A9-A9B8-4C6627C01BF8}.Debug|x64.ActiveCfg = Mixed|x64
		{745DEC58-EBB3-47A9-A9B8-4C6627C01BF8}.Debug|x64.Build.0 = Mixed|x64
		{745DEC58-EBB3-47A9-A9B8-4C6627C01BF8}.Debug|x86.ActiveCfg = Mixed|Win32
		{745DEC58-EBB3-47A9-A9B8-4C6627C01BF8}.Debug|x86.Build.0 = Mixed|Win32
		{745DEC58-EBB3-47A9-A9B8-4C6627C01BF8}.Release|Win32.ActiveCfg = Release|Win32
		{745DEC58-EBB3-47A9-A9B8-4C6627C01BF8}.Release|Win32.Build.0 = Release|Win32
		{745DEC58-EBB3-47A9-A9B8-4C6627C01BF8}.Release|x64.ActiveCfg = Release|x64
		{745DEC58-EBB3-47A9-A9B8-4C6627C01BF8}.Release|x64.Build.0 = Release|x64
		{745DEC58-EBB3-47A9-A9B8-4C6627C01BF8}.Release|x86.ActiveCfg = Mixed|Win32
		{745DEC58-EBB3-47A9-A9B8-4C6627C01BF8}.Release|x86.Build.0 = Release|Win32
		{15CBFEFF-7965-41F5-B4E2-21E8795C9159}.Debug|Win32.ActiveCfg = Mixed|Win32
		{15CBFEFF-7965-41F5-B4E2-21E8795C9159}.Debug|Win32.Build.0 = Mixed|Win32
		{15CBFEFF-7965-41F5-B4E2-21E8795C9159}.Debug|x64.ActiveCfg = Mixed|x64
		{15CBFEFF-7965-41F5-B4E2-21E8795C9159}.Debug|x64.Build.0 = Mixed|x64
		{15CBFEFF-7965-41F5-B4E2-21E8795C9159}.Debug|x86.ActiveCfg = Mixed|Win32
		{15CBFEFF-7965-41F5-B4E2-21E8795C9159}.Debug|x86.Build.0 = Mixed|Win32
		{15CBFEFF-7965-41F5-B4E2-21E8795C9159}.Release|Win32.ActiveCfg = Release|Win32
		{15CBFEFF-7965-41F5-B4E2-21E8795C9159}.Release|Win32.Build.0 = Release|Win32
		{15CBFEFF-7965-41F5-B4E2-21E8795C9159}.Release|x64.ActiveCfg = Release|x64
		{15CBFEFF-7965-41F5-B4E2-21E8795C9159}.Release|x64.Build.0 = Release|x64
		{15CBFEFF-7965-41F5-B4E2-21E8795C9159}.Release|x86.ActiveCfg = Mixed|Win32
		{15CBFEFF-7965-41F5-B4E2-21E8795C9159}.Release|x86.Build.0 = Release|Win32
		{653F3841-3F26-49B9-AFCF-091DB4B67031}.Debug|Win32.ActiveCfg = Mixed|Win32
		{653F3841-3F26-49B9-AFCF-091DB4B67031}.Debug|Win32.Build.0 = Mixed|Win32
		{653F3841-3F26-49B9-AFCF-091DB4B67031}.Debug|x64.ActiveCfg = Mixed|x64
		{653F3841-3F26-49B9-AFCF-091DB4B67031}.Debug|x64.Build.0 = Mixed|x64
		{653F3841-3F26-49B9-AFCF-091DB4B67031}.Debug|x86.ActiveCfg = Mixed|Win32
		{653F3841-3F26-49B9-AFCF-091DB4B67031}.Debug|x86.Build.0 = Mixed|Win32
		{653F3841-3F26-49B9-AFCF-091DB4B67031}.Release|Win32.ActiveCfg = Release|Win32
		{653F3841-3F26-49B9-AFCF-091DB4B67031}.Release|Win32.Build.0 = Release|Win32
		{653F3841-3F26-49B9-AFCF-091DB4B67031}.Release|x64.ActiveCfg = Release|x64
		{653F3841-3F26-49B9-AFCF-091DB4B67031}.Release|x64.Build.0 = Release|x64
		{653F3841-3F26-49B9-AFCF-091DB4B67031}.Release|x86.ActiveCfg = Mixed|Win32
		{653F3841-3F26-49B9-AFCF-091DB4B67031}.Release|x86.Build.0 = Release|Win32
		{3A214E06-B95E-4D61-A291-1F8DF2EC10FD}.Debug|Win32.ActiveCfg = Mixed|Win32
		{3A214E06-B95E-4D61-A291-1F8DF2EC10FD}.Debug|Win32.Build.0 = Mixed|Win32
		{3A214E06-B95E-4D61-A291-1F8DF2EC10FD}.Debug|x64.ActiveCfg = Mixed|x64
		{3A214E06-B95E-4D61-A291-1F8DF2EC10FD}.Debug|x64.Build.0 = Mixed|x64
		{3A214E06-B95E-4D61-A291-1F8DF2EC10FD}.Debug|x86.ActiveCfg = Mixed|Win32
		{3A214E06-B95E-4D61-A291-1F8DF2EC10FD}.Debug|x86.Build.0 = Mixed|Win32
		{3A214E06-B95E-4D61-A291-1F8DF2EC10FD}.Release|Win32.ActiveCfg = Release|Win32
		{3A214E06-B95E-4D61-A291-1F8DF2EC10FD}.Release|Win32.Build.0 = Release|Win32
		{3A214E06-B95E-4D61-A291-1F8DF2EC10FD}.Release|x64.ActiveCfg = Release|x64
		{3A214E06-B95E-4D61-A291-1F8DF2EC10FD}.Release|x64.Build.0 = Release|x64
		{3A214E06-B95E-4D61-A291-1F8DF2EC10FD}.Release|x86.ActiveCfg = Mixed|Win32
		{3A214E06-B95E-4D61-A291-1F8DF2EC10FD}.Release|x86.Build.0 = Release|Win32
		{CEBDE98B-A6AA-46E6-BC79-FAAF823DB9EC}.Debug|Win32.ActiveCfg = Mixed|Win32
		{CEBDE98B-A6AA-46E6-BC79-FAAF823DB9EC}.Debug|Win32.Build.0 = Mixed|Win32
		{CEBDE98B-A6AA-46E6-BC79-FAAF823DB9EC}.Debug|x64.ActiveCfg = Mixed|x64
		{CEBDE98B-A6AA-46E6-BC79-FAAF823DB9EC}.Debug|x64.Build.0 = Mixed|x64
		{CEBDE98B-A6AA-46E6-BC79-FAAF823DB9EC}.Debug|x86.ActiveCfg = Mixed|Win32
		{CEBDE98B-A6AA-46E6-BC79-FAAF823DB9EC}.Debug|x86.Build.0 = Mixed|Win32
		{CEBDE98B-A6AA-46E6-BC79-FAAF823DB9EC}.Release|Win32.ActiveCfg = Release|Win32
		{CEBDE98B-A6AA-46E6-BC79-FAAF823DB9EC}.Release|Win32.Build.0 = Release|Win32
		{CEBDE98B-A6AA-46E6-BC79-FAAF823DB9EC}.Release|x64.ActiveCfg = Release|x64
		{CEBDE98B-A6AA-46E6-BC79-FAAF823DB9EC}.Release|x64.Build.0 = Release|x64
		{CEBDE98B-A6AA-46E6-BC79-FAAF823DB9EC}.Release|x86.ActiveCfg = Mixed|Win32
		{CEBDE98B-A6AA-46E6-BC79-FAAF823DB9EC}.Release|x86.Build.0 = Release|Win32
		{E8CF1ADA-264A-4127-86C2-FD7057D3792C}.Debug|Win32.ActiveCfg = Mixed|Win32
		{E8CF1ADA-264A-4127-86C2-FD7057D3792C}.Debug|Win32.Build.0 = Mixed|Win32
		{E8CF1ADA-264A-4127-86C2-FD7057D3792C}.Debug|x64.ActiveCfg = Mixed|x64
		{E8CF1ADA-264A-4127-86C2-FD7057D3792C}.Debug|x64.Build.0 = Mixed|x64
		{E8CF1ADA-264A-4127-86C2-FD7057D3792C}.Debug|x86.ActiveCfg = Mixed|Win32
		{E8CF1ADA-264A-4127-86C2-FD7057D3792C}.Debug|x86.Build.0 = Mixed|Win32
		{E8CF1ADA-264A-4127-86C2-FD7057D3792C}.Release|Win32.ActiveCfg = Release|Win32
		{E8CF1ADA-264A-4127-86C2-FD7057D3792C}.Release|Win32.Build.0 = Release|Win32
		{E8CF1ADA-264A-4127-86C2-FD7057D3792C}.Release|x64.ActiveCfg = Release|x64
		{E8CF1ADA-264A-4127-86C2-FD7057D3792C}.Release|x64.Build.0 = Release|x64
		{E8CF1ADA-264A-4127-86C2-FD7057D3792C}.Release|x86.ActiveCfg = Mixed|Win32
		{E8CF1ADA-264A-4127-86C2-FD7057D3792C}.Release|x86.Build.0 = Release|Win32
		{848E8AB3-9962-4C04-B813-5690399C8A3E}.Debug|Win32.ActiveCfg = Mixed|Win32
		{848E8AB3-9962-4C04-B813-5690399C8A3E}.Debug|Win32.Build.0 = Mixed|Win32
		{848E8AB3-9962-4C04-B813-5690399C8A3E}.Debug|x64.ActiveCfg = Mixed|x64
		{848E8AB3-9962-4C04-B813-5690399C8A3E}.Debug|x64.Build.0 = Mixed|x64
		{848E8AB3-9962-4C04-B813-5690399C8A3E}.Debug|x86.ActiveCfg = Mixed|Win32
		{848E8AB3-9962-4C04-B813-5690399C8A3E}.Debug|x86.Build.0 = Mixed|Win32
		{848E8AB3-9962-4C04-B813-5690399C8A3E}.Release|Win32.ActiveCfg = Release|Win32
		{848E8AB3-9962-4C04-B813-5690399C8A3E}.Release|Win32.Build.0 = Release|Win32
		{848E8AB3-9962-4C04-B813-5690399C8A3E}.Release|x64.ActiveCfg = Release|x64
		{848E8AB3-9962-4C04-B813-5690399C8A3E}.Release|x64.Build.0 = Release|x64
		{848E8AB3-9962-4C04-B813-5690399C8A3E}.Release|x86.ActiveCfg = Mixed|Win32
		{848E8AB3-9962-4C04-B813-5690399C8A3E}.Release|x86.Build.0 = Release|Win32
		{61D4856F-FA82-4F02-BB88-909DDFB1FE74}.Debug|Win32.ActiveCfg = Mixed|Win32
		{61D4856F-FA82-4F02-BB88-909DDFB1FE74}.Debug|Win32.Build.0 = Mixed|Win32
		{61D4856F-FA82-4F02-BB88-909DDFB1FE74}.Debug|x64.ActiveCfg = Mixed|x64
		{61D4856F-FA82-4F02-BB88-909DDFB1FE74}.Debug|x64.Build.0 = Mixed|x64
		{61D4856F-FA82-4F02-BB88-909DDFB1FE74}.Debug|x86.ActiveCfg = Mixed|Win32
		{61D4856F-FA82-4F02-BB88-909DDFB1FE74}.Debug|x86.Build.0 = Mixed|Win32
		{61D4856F-FA82-4F02-BB88-909DDFB1FE74}.Release|Win32.ActiveCfg = Release|Win32
		{61D4856F-FA82-4F02-BB88-909DDFB1FE74}.Release|Win32.Build.0 = Release|Win32
		{61D4856F-FA82-4F02-BB88-909DDFB1FE74}.Release|x64.ActiveCfg = Release|x64
		{61D4856F-FA82-4F02-BB88-909DDFB1FE74}.Release|x64.Build.0 = Release|x64
		{61D4856F-FA82-4F02-BB88-909DDFB1FE74}.Release|x86.ActiveCfg = Mixed|Win32
		{61D4856F-FA82-4F02-BB88-909DDFB1FE74}.Release|x86.Build.0 = Release|Win32
		{7885CF3C-EE04-4C67-9467-1FBF9A36B037}.Debug|Win32.ActiveCfg = Release|Win32
		{7885CF3C-EE04-4C67-9467-1FBF9A36B037}.Debug|Win32.Build.0 = Release|Win32
		{7885CF3C-EE04-4C67-9467-1FBF9A36B037}.Debug|x64.ActiveCfg = Release|x64
		{7885CF3C-EE04-4C67-9467-1FBF9A36B037}.Debug|x64.Build.0 = Release|x64
		{7885CF3C-EE04-4C67-9467-1FBF9A36B037}.Debug|x86.ActiveCfg = Release|Win32
		{7885CF3C-EE04-4C67-9467-1FBF9A36B037}.Debug|x86.Build.0 = Release|Win32
		{7885CF3C-EE04-4C67-9467-1FBF9A36B037}.Release|Win32.ActiveCfg = Release|Win32
		{7885CF3C-EE04-4C67-9467-1FBF9A36B037}.Release|Win32.Build.0 = Release|Win32
		{7885CF3C-EE04-4C67-9467-1FBF9A36B037}.Release|x64.ActiveCfg = Release|x64
		{7885CF3C-EE04-4C67-9467-1FBF9A36B037}.Release|x64.Build.0 = Release|x64
		{7885CF3C-EE04-4C67-9467-1FBF9A36B037}.Release|x86.ActiveCfg = Release|Win32
		{7885CF3C-EE04-4C67-9467-1FBF9A36B037}.Release|x86.Build.0 = Release|Win32
		{3593C424-83CC-4445-BE1A-97DDE88FE386}.Debug|Win32.ActiveCfg = Mixed|Win32
		{3593C424-83CC-4445-BE1A-97DDE88FE386}.Debug|Win32.Build.0 = Mixed|Win32
		{3593C424-83CC-4445-BE1A-97DDE88FE386}.Debug|x64.ActiveCfg = Mixed|x64
		{3593C424-83CC-4445-BE1A-97DDE88FE386}.Debug|x64.Build.0 = Mixed|x64
		{3593C424-83CC-4445-BE1A-97DDE88FE386}.Debug|x86.ActiveCfg = Mixed|Win32
		{3593C424-83CC-4445-BE1A-97DDE88FE386}.Debug|x86.Build.0 = Mixed|Win32
		{3593C424-83CC-4445-BE1A-97DDE88FE386}.Release|Win32.ActiveCfg = Release|Win32
		{3593C424-83CC-4445-BE1A-97DDE88FE386}.Release|Win32.Build.0 = Release|Win32
		{3593C424-83CC-4445-BE1A-97DDE88FE386}.Release|x64.ActiveCfg = Release|x64
		{3593C424-83CC-4445-BE1A-97DDE88FE386}.Release|x64.Build.0 = Release|x64
		{3593C424-83CC-4445-BE1A-97DDE88FE386}.Release|x86.ActiveCfg = Mixed|Win32
		{3593C424-83CC-4445-BE1A-97DDE88FE386}.Release|x86.Build.0 = Release|Win32
		{DAFD6D98-3DCD-40AD-BC85-EC71797B6767}.Debug|Win32.ActiveCfg = Mixed|Win32
		{DAFD6D98-3DCD-40AD-BC85-EC71797B6767}.Debug|Win32.Build.0 = Mixed|Win32
		{DAFD6D98-3DCD-40AD-BC85-EC71797B6767}.Debug|x64.ActiveCfg = Mixed|x64
		{DAFD6D98-3DCD-40AD-BC85-EC71797B6767}.Debug|x64.Build.0 = Mixed|x64
		{DAFD6D98-3DCD-40AD-BC85-EC71797B6767}.Debug|x86.ActiveCfg = Mixed|Win32
		{DAFD6D98-3DCD-40AD-BC85-EC71797B6767}.Debug|x86.Build.0 = Mixed|Win32
		{DAFD6D98-3DCD-40AD-BC85-EC71797B6767}.Release|Win32.ActiveCfg = Release|Win32
		{DAFD6D98-3DCD-40AD-BC85-EC71797B6767}.Release|Win32.Build.0 = Release|Win32
		{DAFD6D98-3DCD-40AD-BC85-EC71797B6767}.Release|x64.ActiveCfg = Release|x64
		{DAFD6D98-3DCD-40AD-BC85-EC71797B6767}.Release|x64.Build.0 = Release|x64
		{DAFD6D98-3DCD-40AD-BC85-EC71797B6767}.Release|x86.ActiveCfg = Mixed|Win32
		{DAFD6D98-3DCD-40AD-BC85-EC71797B6767}.Release|x86.Build.0 = Release|Win32
		{F4757631-E6E8-469B-AD5A-516BAA01DABD}.Debug|Win32.ActiveCfg = Release|Win32
		{F4757631-E6E8-469B-AD5A-516BAA01DABD}.Debug|Win32.Build.0 = Release|Win32
		{F4757631-E6E8-469B-AD5A-516BAA01DABD}.Debug|x64.ActiveCfg = Release|x64
		{F4757631-E6E8-469B-AD5A-516BAA01DABD}.Debug|x64.Build.0 = Release|x64
		{F4757631-E6E8-469B-AD5A-516BAA01DABD}.Debug|x86.ActiveCfg = Release|Win32
		{F4757631-E6E8-469B-AD5A-516BAA01DABD}.Debug|x86.Build.0 = Release|Win32
		{F4757631-E6E8-469B-AD5A-516BAA01DABD}.Release|Win32.ActiveCfg = Release|Win32
		{F4757631-E6E8-469B-AD5A-516BAA01DABD}.Release|Win32.Build.0 = Release|Win32
		{F4757631-E6E8-469B-AD5A-516BAA01DABD}.Release|x64.ActiveCfg = Release|x64
		{F4757631-E6E8-469B-AD5A-516BAA01DABD}.Release|x64.Build.0 = Release|x64
		{F4757631-E6E8-469B-AD5A-516BAA01DABD}.Release|x86.ActiveCfg = Release|Win32
		{F4757631-E6E8-469B-AD5A-516BAA01DABD}.Release|x86.Build.0 = Release|Win32
		{44F716E7-05BD-4390-AB02-5F7DAF7FEFDE}.Debug|Win32.ActiveCfg = Mixed|Win32
		{44F716E7-05BD-4390-AB02-5F7DAF7FEFDE}.Debug|Win32.Build.0 = Mixed|Win32
		{44F716E7-05BD-4390-AB02-5F7DAF7FEFDE}.Debug|x64.ActiveCfg = Mixed|x64
		{44F716E7-05BD-4390-AB02-5F7DAF7FEFDE}.Debug|x64.Build.0 = Mixed|x64
		{44F716E7-05BD-4390-AB02-5F7DAF7FEFDE}.Debug|x86.ActiveCfg = Mixed|Win32
		{44F716E7-05BD-4390-AB02-5F7DAF7FEFDE}.Debug|x86.Build.0 = Mixed|Win32
		{44F716E7-05BD-4390-AB02-5F7DAF7FEFDE}.Release|Win32.ActiveCfg = Release|Win32
		{44F716E7-05BD-4390-AB02-5F7DAF7FEFDE}.Release|Win32.Build.0 = Release|Win32
		{44F716E7-05BD-4390-AB02-5F7DAF7FEFDE}.Release|x64.ActiveCfg = Release|x64
		{44F716E7-05BD-4390-AB02-5F7DAF7FEFDE}.Release|x64.Build.0 = Release|x64
		{44F716E7-05BD-4390-AB02-5F7DAF7FEFDE}.Release|x86.ActiveCfg = Mixed|Win32
		{44F716E7-05BD-4390-AB02-5F7DAF7FEFDE}.Release|x86.Build.0 = Release|Win32
		{1908E312-8385-463D-9B1C-5F86293817BB}.Debug|Win32.ActiveCfg = Release|Win32
		{1908E312-8385-463D-9B1C-5F86293817BB}.Debug|Win32.Build.0 = Release|Win32
		{1908E312-8385-463D-9B1C-5F86293817BB}.Debug|x64.ActiveCfg = Release|x64
		{1908E312-8385-463D-9B1C-5F86293817BB}.Debug|x64.Build.0 = Release|x64
		{1908E312-8385-463D-9B1C-5F86293817BB}.Debug|x86.ActiveCfg = Release|Win32
		{1908E312-8385-463D-9B1C-5F86293817BB}.Debug|x86.Build.0 = Release|Win32
		{1908E312-8385-463D-9B1C-5F86293817BB}.Release|Win32.ActiveCfg = Release|Win32
		{1908E312-8385-463D-9B1C-5F86293817BB}.Release|Win32.Build.0 = Release|Win32
		{1908E312-8385-463D-9B1C-5F86293817BB}.Release|x64.ActiveCfg = Release|x64
		{1908E312-8385-463D-9B1C-5F86293817BB}.Release|x64.Build.0 = Release|x64
		{1908E312-8385-463D-9B1C-5F86293817BB}.Release|x86.ActiveCfg = Release|Win32
		{1908E312-8385-463D-9B1C-5F86293817BB}.Release|x86.Build.0 = Release|Win32
		{CDC5E78D-FF1C-4164-AE72-3578F60A27BA}.Debug|Win32.ActiveCfg = Debug|Win32
		{CDC5E78D-FF1C-4164-AE72-3578F60A27BA}.Debug|Win32.Build.0 = Debug|Win32
		{CDC5E78D-FF1C-4164-AE72-3578F60A27BA}.Debug|x64.ActiveCfg = Debug|x64
		{CDC5E78D-FF1C-4164-AE72-3578F60A27BA}.Debug|x64.Build.0 = Debug|x64
		{CDC5E78D-FF1C-4164-AE72-3578F60A27BA}.Debug|x86.ActiveCfg = Debug|Win32
		{CDC5E78D-FF1C-4164-AE72-3578F60A27BA}.Debug|x86.Build.0 = Debug|Win32
		{CDC5E78D-FF1C-4164-AE72-3578F60A27BA}.Release|Win32.ActiveCfg = Release|Win32
		{CDC5E78D-FF1C-4164-AE72-3578F60A27BA}.Release|Win32.Build.0 = Release|Win32
		{CDC5E78D-FF1C-4164-AE72-3578F60A27BA}.Release|x64.ActiveCfg = Release|x64
		{CDC5E78D-FF1C-4164-AE72-3578F60A27BA}.Release|x64.Build.0 = Release|x64
		{CDC5E78D-FF1C-4164-AE72-3578F60A27BA}.Release|x86.ActiveCfg = Debug|Win32
		{CDC5E78D-FF1C-4164-AE72-3578F60A27BA}.Release|x86.Build.0 = Release|Win32
		{58AE014E-0DA3-4D9B-9034-21984C305447}.Debug|Win32.ActiveCfg = Debug|Win32
		{58AE014E-0DA3-4D9B-9034-21984C305447}.Debug|Win32.Build.0 = Debug|Win32
		{58AE014E-0DA3-4D9B-9034-21984C305447}.Debug|x64.ActiveCfg = Debug|x64
		{58AE014E-0DA3-4D9B-9034-21984C305447}.Debug|x64.Build.0 = Debug|x64
		{58AE014E-0DA3-4D9B-9034-21984C305447}.Debug|x86.ActiveCfg = Debug|Win32
		{58AE014E-0DA3-4D9B-9034-21984C305447}.Debug|x86.Build.0 = Debug|Win32
		{58AE014E-0DA3-4D9B-9034-21984C305447}.Release|Win32.ActiveCfg = Release|Win32
		{58AE014E-0DA3-4D9B-9034-21984C305447}.Release|Win32.Build.0 = Release|Win32
		{58AE014E-0DA3-4D9B-9034-21984C305447}.Release|x64.ActiveCfg = Release|x64
		{58AE014E-0DA3-4D9B-9034-21984C305447}.Release|x64.Build.0 = Release|x64
		{58AE014E-0DA3-4D9B-9034-21984C305447}.Release|x86.ActiveCfg = Debug|Win32
		{58AE014E-0DA3-4D9B-9034-21984C305447}.Release|x86.Build.0 = Release|Win32
		{632AEEB6-DC06-4E15-9551-B2B09A4B73C5}.Debug|Win32.ActiveCfg = Mixed|Win32
		{632AEEB6-DC06-4E15-9551-B2B09A4B73C5}.Debug|Win32.Build.0 = Mixed|Win32
		{632AEEB6-DC06-4E15-9551-B2B09A4B73C5}.Debug|x64.ActiveCfg = Mixed|x64
		{632AEEB6-DC06-4E15-9551-B2B09A4B73C5}.Debug|x64.Build.0 = Mixed|x64
		{632AEEB6-DC06-4E15-9551-B2B09A4B73C5}.Debug|x86.ActiveCfg = Mixed|Win32
		{632AEEB6-DC06-4E15-9551-B2B09A4B73C5}.Debug|x86.Build.0 = Mixed|Win32
		{632AEEB6-DC06-4E15-9551-B2B09A4B73C5}.Release|Win32.ActiveCfg = Release|Win32
		{632AEEB6-DC06-4E15-9551-B2B09A4B73C5}.Release|Win32.Build.0 = Release|Win32
		{632AEEB6-DC06-4E15-9551-B2B09A4B73C5}.Release|x64.ActiveCfg = Release|x64
		{632AEEB6-DC06-4E15-9551-B2B09A4B73C5}.Release|x64.Build.0 = Release|x64
		{632AEEB6-DC06-4E15-9551-B2B09A4B73C5}.Release|x86.ActiveCfg = Mixed|Win32
		{632AEEB6-DC06-4E15-9551-B2B09A4B73C5}.Release|x86.Build.0 = Release|Win32
		{37B3642C-B706-4C93-BC54-BADADC8FC9B1}.Debug|Win32.ActiveCfg = Release|Win32
		{37B3642C-B706-4C93-BC54-BADADC8FC9B1}.Debug|Win32.Build.0 = Release|Win32
		{37B3642C-B706-4C93-BC54-BADADC8FC9B1}.Debug|x64.ActiveCfg = Release|x64
		{37B3642C-B706-4C93-BC54-BADADC8FC9B1}.Debug|x64.Build.0 = Release|x64
		{37B3642C-B706-4C93-BC54-BADADC8FC9B1}.Debug|x86.ActiveCfg = Release|Win32
		{37B3642C-B706-4C93-BC54-BADADC8FC9B1}.Debug|x86.Build.0 = Release|Win32
		{37B3642C-B706-4C93-BC54-BADADC8FC9B1}.Release|Win32.ActiveCfg = Release|Win32
		{37B3642C-B706-4C93-BC54-BADADC8FC9B1}.Release|Win32.Build.0 = Release|Win32
		{37B3642C-B706-4C93-BC54-BADADC8FC9B1}.Release|x64.ActiveCfg = Release|x64
		{37B3642C-B706-4C93-BC54-BADADC8FC9B1}.Release|x64.Build.0 = Release|x64
		{37B3642C-B706-4C93-BC54-BADADC8FC9B1}.Release|x86.ActiveCfg = Release|Win32
		{37B3642C-B706-4C93-BC54-BADADC8FC9B1}.Release|x86.Build.0 = Release|Win32
		{A85067E2-08AC-4C94-BC12-31AE42F1D5C7}.Debug|Win32.ActiveCfg = Debug|Win32
		{A85067E2-08AC-4C94-BC12-31AE42F1D5C7}.Debug|Win32.Build.0 = Debug|Win32
		{A85067E2-08AC-4C94-BC12-31AE42F1D5C7}.Debug|x64.ActiveCfg = Debug|x64
		{A85067E2-08AC-4C94-BC12-31AE42F1D5C7}.Debug|x64.Build.0 = Debug|x64
		{A85067E2-08AC-4C94-BC12-31AE42F1D5C7}.Debug|x86.ActiveCfg = Debug|Win32
		{A85067E2-08AC-4C94-BC12-31AE42F1D5C7}.Debug|x86.Build.0 = Debug|Win32
		{A85067E2-08AC-4C94-BC12-31AE42F1D5C7}.Release|Win32.ActiveCfg = Release|Win32
		{A85067E2-08AC-4C94-BC12-31AE42F1D5C7}.Release|Win32.Build.0 = Release|Win32
		{A85067E2-08AC-4C94-BC12-31AE42F1D5C7}.Release|x64.ActiveCfg = Release|x64
		{A85067E2-08AC-4C94-BC12-31AE42F1D5C7}.Release|x64.Build.0 = Release|x64
		{A85067E2-08AC-4C94-BC12-31AE42F1D5C7}.Release|x86.ActiveCfg = Release|Win32
		{A85067E2-08AC-4C94-BC12-31AE42F1D5C7}.Release|x86.Build.0 = Release|Win32
	EndGlobalSection
	GlobalSection(SolutionProperties) = preSolution
		HideSolutionNode = FALSE
	EndGlobalSection
	GlobalSection(NestedProjects) = preSolution
		{1BF75FEB-87DD-486C-880B-227987D191C2} = {2BFC806B-CE92-4EA4-8FE8-5F2EA54BA348}
		{A5E0EC2A-4783-4A53-AE1E-228464FC8F69} = {2BFC806B-CE92-4EA4-8FE8-5F2EA54BA348}
		{566551F4-4EF1-4CB4-A131-F982E7606907} = {2BFC806B-CE92-4EA4-8FE8-5F2EA54BA348}
		{435BAC9A-B225-457D-AB40-C9BD0CC8838C} = {2BFC806B-CE92-4EA4-8FE8-5F2EA54BA348}
		{963BA4E5-499A-454D-B002-1D5ECE0527A6} = {00000000-CE92-4EA4-8FE8-5F2EA54BA348}
		{3F383D3C-FCD8-4170-990B-EB4833F09248} = {00000000-CE92-4EA4-8FE8-5F2EA54BA348}
		{AC9B12ED-A2D7-4337-A981-5BD8430E96D8} = {00000000-CE92-4EA4-8FE8-5F2EA54BA348}
		{880CD250-BA77-4DAF-A8D4-552F12DD3AE4} = {2BFC806B-CE92-4EA4-8FE8-5F2EA54BA348}
		{0EB257DC-5CFC-44B0-82C9-CE6B158BE473} = {2BFC806B-CE92-4EA4-8FE8-5F2EA54BA348}
		{CCD4AFAE-AA10-42C6-A452-FDEE497CCDF1} = {2BFC806B-CE92-4EA4-8FE8-5F2EA54BA348}
		{614AA57F-58D7-45A8-A5FF-93F04B05FAC6} = {2BFC806B-CE92-4EA4-8FE8-5F2EA54BA348}
		{745DEC58-EBB3-47A9-A9B8-4C6627C01BF8} = {2BFC806B-CE92-4EA4-8FE8-5F2EA54BA348}
		{15CBFEFF-7965-41F5-B4E2-21E8795C9159} = {2BFC806B-CE92-4EA4-8FE8-5F2EA54BA348}
		{653F3841-3F26-49B9-AFCF-091DB4B67031} = {2BFC806B-CE92-4EA4-8FE8-5F2EA54BA348}
		{3A214E06-B95E-4D61-A291-1F8DF2EC10FD} = {2BFC806B-CE92-4EA4-8FE8-5F2EA54BA348}
		{CEBDE98B-A6AA-46E6-BC79-FAAF823DB9EC} = {2BFC806B-CE92-4EA4-8FE8-5F2EA54BA348}
		{E8CF1ADA-264A-4127-86C2-FD7057D3792C} = {2BFC806B-CE92-4EA4-8FE8-5F2EA54BA348}
		{848E8AB3-9962-4C04-B813-5690399C8A3E} = {2BFC806B-CE92-4EA4-8FE8-5F2EA54BA348}
		{61D4856F-FA82-4F02-BB88-909DDFB1FE74} = {2BFC806B-CE92-4EA4-8FE8-5F2EA54BA348}
		{7885CF3C-EE04-4C67-9467-1FBF9A36B037} = {2BFC806B-CE92-4EA4-8FE8-5F2EA54BA348}
		{DAEF6FB5-4F98-4B34-B049-8828EFEC9250} = {2BFC806B-CE92-4EA4-8FE8-5F2EA54BA348}
		{3593C424-83CC-4445-BE1A-97DDE88FE386} = {2BFC806B-CE92-4EA4-8FE8-5F2EA54BA348}
		{DAFD6D98-3DCD-40AD-BC85-EC71797B6767} = {2BFC806B-CE92-4EA4-8FE8-5F2EA54BA348}
		{F4757631-E6E8-469B-AD5A-516BAA01DABD} = {2BFC806B-CE92-4EA4-8FE8-5F2EA54BA348}
		{44F716E7-05BD-4390-AB02-5F7DAF7FEFDE} = {2BFC806B-CE92-4EA4-8FE8-5F2EA54BA348}
		{CDC5E78D-FF1C-4164-AE72-3578F60A27BA} = {DAEF6FB5-4F98-4B34-B049-8828EFEC9250}
		{58AE014E-0DA3-4D9B-9034-21984C305447} = {DAEF6FB5-4F98-4B34-B049-8828EFEC9250}
		{632AEEB6-DC06-4E15-9551-B2B09A4B73C5} = {DAEF6FB5-4F98-4B34-B049-8828EFEC9250}
		{A85067E2-08AC-4C94-BC12-31AE42F1D5C7} = {92D97B4C-7469-484D-B99A-F5BC4BBAE612}
	EndGlobalSection
	GlobalSection(ExtensibilityGlobals) = postSolution
		SolutionGuid = {C5A32302-94F5-41B8-9606-017BB6BA69A6}
	EndGlobalSection
	GlobalSection(DPCodeReviewSolutionGUID) = preSolution
		DPCodeReviewSolutionGUID = {00000000-0000-0000-0000-000000000000}
	EndGlobalSection
EndGlobal
